// !$*UTF8*$!
{
	archiveVersion = 1;
	classes = {
	};
	objectVersion = 56;
	objects = {

/* Begin PBXBuildFile section */
		1CD48A532A1AF64400D8DC65 /* AppDelegate.swift in Sources */ = {isa = PBXBuildFile; fileRef = 1CD48A522A1AF64400D8DC65 /* AppDelegate.swift */; };
		1CD48A552A1AF64400D8DC65 /* SceneDelegate.swift in Sources */ = {isa = PBXBuildFile; fileRef = 1CD48A542A1AF64400D8DC65 /* SceneDelegate.swift */; };
		1CD48A572A1AF64400D8DC65 /* ViewController.swift in Sources */ = {isa = PBXBuildFile; fileRef = 1CD48A562A1AF64400D8DC65 /* ViewController.swift */; };
		1CD48A5A2A1AF64400D8DC65 /* Main.storyboard in Resources */ = {isa = PBXBuildFile; fileRef = 1CD48A582A1AF64400D8DC65 /* Main.storyboard */; };
		1CD48A5C2A1AF64400D8DC65 /* Assets.xcassets in Resources */ = {isa = PBXBuildFile; fileRef = 1CD48A5B2A1AF64400D8DC65 /* Assets.xcassets */; };
		1CD48A5F2A1AF64400D8DC65 /* LaunchScreen.storyboard in Resources */ = {isa = PBXBuildFile; fileRef = 1CD48A5D2A1AF64400D8DC65 /* LaunchScreen.storyboard */; };
		1CD48A6A2A1AF64500D8DC65 /* Test_iOS_VueFluxTests.swift in Sources */ = {isa = PBXBuildFile; fileRef = 1CD48A692A1AF64500D8DC65 /* Test_iOS_VueFluxTests.swift */; };
		1CD48A742A1AF64500D8DC65 /* Test_iOS_VueFluxUITests.swift in Sources */ = {isa = PBXBuildFile; fileRef = 1CD48A732A1AF64500D8DC65 /* Test_iOS_VueFluxUITests.swift */; };
		1CD48A762A1AF64500D8DC65 /* Test_iOS_VueFluxUITestsLaunchTests.swift in Sources */ = {isa = PBXBuildFile; fileRef = 1CD48A752A1AF64500D8DC65 /* Test_iOS_VueFluxUITestsLaunchTests.swift */; };
/* End PBXBuildFile section */

/* Begin PBXContainerItemProxy section */
		1CD48A662A1AF64500D8DC65 /* PBXContainerItemProxy */ = {
			isa = PBXContainerItemProxy;
			containerPortal = 1CD48A472A1AF64400D8DC65 /* Project object */;
			proxyType = 1;
			remoteGlobalIDString = 1CD48A4E2A1AF64400D8DC65;
			remoteInfo = Test_iOS_VueFlux;
		};
		1CD48A702A1AF64500D8DC65 /* PBXContainerItemProxy */ = {
			isa = PBXContainerItemProxy;
			containerPortal = 1CD48A472A1AF64400D8DC65 /* Project object */;
			proxyType = 1;
			remoteGlobalIDString = 1CD48A4E2A1AF64400D8DC65;
			remoteInfo = Test_iOS_VueFlux;
		};
/* End PBXContainerItemProxy section */

/* Begin PBXFileReference section */
		1CD48A4F2A1AF64400D8DC65 /* Test_iOS_VueFlux.app */ = {isa = PBXFileReference; explicitFileType = wrapper.application; includeInIndex = 0; path = Test_iOS_VueFlux.app; sourceTree = BUILT_PRODUCTS_DIR; };
		1CD48A522A1AF64400D8DC65 /* AppDelegate.swift */ = {isa = PBXFileReference; lastKnownFileType = sourcecode.swift; path = AppDelegate.swift; sourceTree = "<group>"; };
		1CD48A542A1AF64400D8DC65 /* SceneDelegate.swift */ = {isa = PBXFileReference; lastKnownFileType = sourcecode.swift; path = SceneDelegate.swift; sourceTree = "<group>"; };
		1CD48A562A1AF64400D8DC65 /* ViewController.swift */ = {isa = PBXFileReference; lastKnownFileType = sourcecode.swift; path = ViewController.swift; sourceTree = "<group>"; };
		1CD48A592A1AF64400D8DC65 /* Base */ = {isa = PBXFileReference; lastKnownFileType = file.storyboard; name = Base; path = Base.lproj/Main.storyboard; sourceTree = "<group>"; };
		1CD48A5B2A1AF64400D8DC65 /* Assets.xcassets */ = {isa = PBXFileReference; lastKnownFileType = folder.assetcatalog; path = Assets.xcassets; sourceTree = "<group>"; };
		1CD48A5E2A1AF64400D8DC65 /* Base */ = {isa = PBXFileReference; lastKnownFileType = file.storyboard; name = Base; path = Base.lproj/LaunchScreen.storyboard; sourceTree = "<group>"; };
		1CD48A602A1AF64400D8DC65 /* Info.plist */ = {isa = PBXFileReference; lastKnownFileType = text.plist.xml; path = Info.plist; sourceTree = "<group>"; };
		1CD48A652A1AF64500D8DC65 /* Test_iOS_VueFluxTests.xctest */ = {isa = PBXFileReference; explicitFileType = wrapper.cfbundle; includeInIndex = 0; path = Test_iOS_VueFluxTests.xctest; sourceTree = BUILT_PRODUCTS_DIR; };
		1CD48A692A1AF64500D8DC65 /* Test_iOS_VueFluxTests.swift */ = {isa = PBXFileReference; lastKnownFileType = sourcecode.swift; path = Test_iOS_VueFluxTests.swift; sourceTree = "<group>"; };
		1CD48A6F2A1AF64500D8DC65 /* Test_iOS_VueFluxUITests.xctest */ = {isa = PBXFileReference; explicitFileType = wrapper.cfbundle; includeInIndex = 0; path = Test_iOS_VueFluxUITests.xctest; sourceTree = BUILT_PRODUCTS_DIR; };
		1CD48A732A1AF64500D8DC65 /* Test_iOS_VueFluxUITests.swift */ = {isa = PBXFileReference; lastKnownFileType = sourcecode.swift; path = Test_iOS_VueFluxUITests.swift; sourceTree = "<group>"; };
		1CD48A752A1AF64500D8DC65 /* Test_iOS_VueFluxUITestsLaunchTests.swift */ = {isa = PBXFileReference; lastKnownFileType = sourcecode.swift; path = Test_iOS_VueFluxUITestsLaunchTests.swift; sourceTree = "<group>"; };
/* End PBXFileReference section */

/* Begin PBXFrameworksBuildPhase section */
		1CD48A4C2A1AF64400D8DC65 /* Frameworks */ = {
			isa = PBXFrameworksBuildPhase;
			buildActionMask = 2147483647;
			files = (
			);
			runOnlyForDeploymentPostprocessing = 0;
		};
		1CD48A622A1AF64500D8DC65 /* Frameworks */ = {
			isa = PBXFrameworksBuildPhase;
			buildActionMask = 2147483647;
			files = (
			);
			runOnlyForDeploymentPostprocessing = 0;
		};
		1CD48A6C2A1AF64500D8DC65 /* Frameworks */ = {
			isa = PBXFrameworksBuildPhase;
			buildActionMask = 2147483647;
			files = (
			);
			runOnlyForDeploymentPostprocessing = 0;
		};
/* End PBXFrameworksBuildPhase section */

/* Begin PBXGroup section */
		1CD48A462A1AF64400D8DC65 = {
			isa = PBXGroup;
			children = (
				1CD48A512A1AF64400D8DC65 /* Test_iOS_VueFlux */,
				1CD48A682A1AF64500D8DC65 /* Test_iOS_VueFluxTests */,
				1CD48A722A1AF64500D8DC65 /* Test_iOS_VueFluxUITests */,
				1CD48A502A1AF64400D8DC65 /* Products */,
			);
			sourceTree = "<group>";
		};
		1CD48A502A1AF64400D8DC65 /* Products */ = {
			isa = PBXGroup;
			children = (
				1CD48A4F2A1AF64400D8DC65 /* Test_iOS_VueFlux.app */,
				1CD48A652A1AF64500D8DC65 /* Test_iOS_VueFluxTests.xctest */,
				1CD48A6F2A1AF64500D8DC65 /* Test_iOS_VueFluxUITests.xctest */,
			);
			name = Products;
			sourceTree = "<group>";
		};
		1CD48A512A1AF64400D8DC65 /* Test_iOS_VueFlux */ = {
			isa = PBXGroup;
			children = (
				1CD48A522A1AF64400D8DC65 /* AppDelegate.swift */,
				1CD48A542A1AF64400D8DC65 /* SceneDelegate.swift */,
				1CD48A562A1AF64400D8DC65 /* ViewController.swift */,
				1CD48A582A1AF64400D8DC65 /* Main.storyboard */,
				1CD48A5B2A1AF64400D8DC65 /* Assets.xcassets */,
				1CD48A5D2A1AF64400D8DC65 /* LaunchScreen.storyboard */,
				1CD48A602A1AF64400D8DC65 /* Info.plist */,
			);
			path = Test_iOS_VueFlux;
			sourceTree = "<group>";
		};
		1CD48A682A1AF64500D8DC65 /* Test_iOS_VueFluxTests */ = {
			isa = PBXGroup;
			children = (
				1CD48A692A1AF64500D8DC65 /* Test_iOS_VueFluxTests.swift */,
			);
			path = Test_iOS_VueFluxTests;
			sourceTree = "<group>";
		};
		1CD48A722A1AF64500D8DC65 /* Test_iOS_VueFluxUITests */ = {
			isa = PBXGroup;
			children = (
				1CD48A732A1AF64500D8DC65 /* Test_iOS_VueFluxUITests.swift */,
				1CD48A752A1AF64500D8DC65 /* Test_iOS_VueFluxUITestsLaunchTests.swift */,
			);
			path = Test_iOS_VueFluxUITests;
			sourceTree = "<group>";
		};
/* End PBXGroup section */

/* Begin PBXNativeTarget section */
		1CD48A4E2A1AF64400D8DC65 /* Test_iOS_VueFlux */ = {
			isa = PBXNativeTarget;
			buildConfigurationList = 1CD48A792A1AF64500D8DC65 /* Build configuration list for PBXNativeTarget "Test_iOS_VueFlux" */;
			buildPhases = (
				1CD48A4B2A1AF64400D8DC65 /* Sources */,
				1CD48A4C2A1AF64400D8DC65 /* Frameworks */,
				1CD48A4D2A1AF64400D8DC65 /* Resources */,
			);
			buildRules = (
			);
			dependencies = (
			);
			name = Test_iOS_VueFlux;
			productName = Test_iOS_VueFlux;
			productReference = 1CD48A4F2A1AF64400D8DC65 /* Test_iOS_VueFlux.app */;
			productType = "com.apple.product-type.application";
		};
		1CD48A642A1AF64500D8DC65 /* Test_iOS_VueFluxTests */ = {
			isa = PBXNativeTarget;
			buildConfigurationList = 1CD48A7C2A1AF64500D8DC65 /* Build configuration list for PBXNativeTarget "Test_iOS_VueFluxTests" */;
			buildPhases = (
				1CD48A612A1AF64500D8DC65 /* Sources */,
				1CD48A622A1AF64500D8DC65 /* Frameworks */,
				1CD48A632A1AF64500D8DC65 /* Resources */,
			);
			buildRules = (
			);
			dependencies = (
				1CD48A672A1AF64500D8DC65 /* PBXTargetDependency */,
			);
			name = Test_iOS_VueFluxTests;
			productName = Test_iOS_VueFluxTests;
			productReference = 1CD48A652A1AF64500D8DC65 /* Test_iOS_VueFluxTests.xctest */;
			productType = "com.apple.product-type.bundle.unit-test";
		};
		1CD48A6E2A1AF64500D8DC65 /* Test_iOS_VueFluxUITests */ = {
			isa = PBXNativeTarget;
			buildConfigurationList = 1CD48A7F2A1AF64500D8DC65 /* Build configuration list for PBXNativeTarget "Test_iOS_VueFluxUITests" */;
			buildPhases = (
				1CD48A6B2A1AF64500D8DC65 /* Sources */,
				1CD48A6C2A1AF64500D8DC65 /* Frameworks */,
				1CD48A6D2A1AF64500D8DC65 /* Resources */,
			);
			buildRules = (
			);
			dependencies = (
				1CD48A712A1AF64500D8DC65 /* PBXTargetDependency */,
			);
			name = Test_iOS_VueFluxUITests;
			productName = Test_iOS_VueFluxUITests;
			productReference = 1CD48A6F2A1AF64500D8DC65 /* Test_iOS_VueFluxUITests.xctest */;
			productType = "com.apple.product-type.bundle.ui-testing";
		};
/* End PBXNativeTarget section */

/* Begin PBXProject section */
		1CD48A472A1AF64400D8DC65 /* Project object */ = {
			isa = PBXProject;
			attributes = {
				BuildIndependentTargetsInParallel = 1;
				LastSwiftUpdateCheck = 1420;
				LastUpgradeCheck = 1420;
				TargetAttributes = {
					1CD48A4E2A1AF64400D8DC65 = {
						CreatedOnToolsVersion = 14.2;
					};
					1CD48A642A1AF64500D8DC65 = {
						CreatedOnToolsVersion = 14.2;
						TestTargetID = 1CD48A4E2A1AF64400D8DC65;
					};
					1CD48A6E2A1AF64500D8DC65 = {
						CreatedOnToolsVersion = 14.2;
						TestTargetID = 1CD48A4E2A1AF64400D8DC65;
					};
				};
			};
			buildConfigurationList = 1CD48A4A2A1AF64400D8DC65 /* Build configuration list for PBXProject "Test_iOS_VueFlux" */;
			compatibilityVersion = "Xcode 14.0";
			developmentRegion = en;
			hasScannedForEncodings = 0;
			knownRegions = (
				en,
				Base,
			);
			mainGroup = 1CD48A462A1AF64400D8DC65;
			productRefGroup = 1CD48A502A1AF64400D8DC65 /* Products */;
			projectDirPath = "";
			projectRoot = "";
			targets = (
				1CD48A4E2A1AF64400D8DC65 /* Test_iOS_VueFlux */,
				1CD48A642A1AF64500D8DC65 /* Test_iOS_VueFluxTests */,
				1CD48A6E2A1AF64500D8DC65 /* Test_iOS_VueFluxUITests */,
			);
		};
/* End PBXProject section */

/* Begin PBXResourcesBuildPhase section */
		1CD48A4D2A1AF64400D8DC65 /* Resources */ = {
			isa = PBXResourcesBuildPhase;
			buildActionMask = 2147483647;
			files = (
				1CD48A5F2A1AF64400D8DC65 /* LaunchScreen.storyboard in Resources */,
				1CD48A5C2A1AF64400D8DC65 /* Assets.xcassets in Resources */,
				1CD48A5A2A1AF64400D8DC65 /* Main.storyboard in Resources */,
			);
			runOnlyForDeploymentPostprocessing = 0;
		};
		1CD48A632A1AF64500D8DC65 /* Resources */ = {
			isa = PBXResourcesBuildPhase;
			buildActionMask = 2147483647;
			files = (
			);
			runOnlyForDeploymentPostprocessing = 0;
		};
		1CD48A6D2A1AF64500D8DC65 /* Resources */ = {
			isa = PBXResourcesBuildPhase;
			buildActionMask = 2147483647;
			files = (
			);
			runOnlyForDeploymentPostprocessing = 0;
		};
/* End PBXResourcesBuildPhase section */

/* Begin PBXSourcesBuildPhase section */
		1CD48A4B2A1AF64400D8DC65 /* Sources */ = {
			isa = PBXSourcesBuildPhase;
			buildActionMask = 2147483647;
			files = (
				1CD48A572A1AF64400D8DC65 /* ViewController.swift in Sources */,
				1CD48A532A1AF64400D8DC65 /* AppDelegate.swift in Sources */,
				1CD48A552A1AF64400D8DC65 /* SceneDelegate.swift in Sources */,
			);
			runOnlyForDeploymentPostprocessing = 0;
		};
		1CD48A612A1AF64500D8DC65 /* Sources */ = {
			isa = PBXSourcesBuildPhase;
			buildActionMask = 2147483647;
			files = (
				1CD48A6A2A1AF64500D8DC65 /* Test_iOS_VueFluxTests.swift in Sources */,
			);
			runOnlyForDeploymentPostprocessing = 0;
		};
		1CD48A6B2A1AF64500D8DC65 /* Sources */ = {
			isa = PBXSourcesBuildPhase;
			buildActionMask = 2147483647;
			files = (
				1CD48A762A1AF64500D8DC65 /* Test_iOS_VueFluxUITestsLaunchTests.swift in Sources */,
				1CD48A742A1AF64500D8DC65 /* Test_iOS_VueFluxUITests.swift in Sources */,
			);
			runOnlyForDeploymentPostprocessing = 0;
		};
/* End PBXSourcesBuildPhase section */

/* Begin PBXTargetDependency section */
		1CD48A672A1AF64500D8DC65 /* PBXTargetDependency */ = {
			isa = PBXTargetDependency;
			target = 1CD48A4E2A1AF64400D8DC65 /* Test_iOS_VueFlux */;
			targetProxy = 1CD48A662A1AF64500D8DC65 /* PBXContainerItemProxy */;
		};
		1CD48A712A1AF64500D8DC65 /* PBXTargetDependency */ = {
			isa = PBXTargetDependency;
			target = 1CD48A4E2A1AF64400D8DC65 /* Test_iOS_VueFlux */;
			targetProxy = 1CD48A702A1AF64500D8DC65 /* PBXContainerItemProxy */;
		};
/* End PBXTargetDependency section */

/* Begin PBXVariantGroup section */
		1CD48A582A1AF64400D8DC65 /* Main.storyboard */ = {
			isa = PBXVariantGroup;
			children = (
				1CD48A592A1AF64400D8DC65 /* Base */,
			);
			name = Main.storyboard;
			sourceTree = "<group>";
		};
		1CD48A5D2A1AF64400D8DC65 /* LaunchScreen.storyboard */ = {
			isa = PBXVariantGroup;
			children = (
				1CD48A5E2A1AF64400D8DC65 /* Base */,
			);
			name = LaunchScreen.storyboard;
			sourceTree = "<group>";
		};
/* End PBXVariantGroup section */

/* Begin XCBuildConfiguration section */
		1CD48A772A1AF64500D8DC65 /* Debug */ = {
			isa = XCBuildConfiguration;
			buildSettings = {
				ALWAYS_SEARCH_USER_PATHS = NO;
				CLANG_ANALYZER_NONNULL = YES;
				CLANG_ANALYZER_NUMBER_OBJECT_CONVERSION = YES_AGGRESSIVE;
				CLANG_CXX_LANGUAGE_STANDARD = "gnu++20";
				CLANG_ENABLE_MODULES = YES;
				CLANG_ENABLE_OBJC_ARC = YES;
				CLANG_ENABLE_OBJC_WEAK = YES;
				CLANG_WARN_BLOCK_CAPTURE_AUTORELEASING = YES;
				CLANG_WARN_BOOL_CONVERSION = YES;
				CLANG_WARN_COMMA = YES;
				CLANG_WARN_CONSTANT_CONVERSION = YES;
				CLANG_WARN_DEPRECATED_OBJC_IMPLEMENTATIONS = YES;
				CLANG_WARN_DIRECT_OBJC_ISA_USAGE = YES_ERROR;
				CLANG_WARN_DOCUMENTATION_COMMENTS = YES;
				CLANG_WARN_EMPTY_BODY = YES;
				CLANG_WARN_ENUM_CONVERSION = YES;
				CLANG_WARN_INFINITE_RECURSION = YES;
				CLANG_WARN_INT_CONVERSION = YES;
				CLANG_WARN_NON_LITERAL_NULL_CONVERSION = YES;
				CLANG_WARN_OBJC_IMPLICIT_RETAIN_SELF = YES;
				CLANG_WARN_OBJC_LITERAL_CONVERSION = YES;
				CLANG_WARN_OBJC_ROOT_CLASS = YES_ERROR;
				CLANG_WARN_QUOTED_INCLUDE_IN_FRAMEWORK_HEADER = YES;
				CLANG_WARN_RANGE_LOOP_ANALYSIS = YES;
				CLANG_WARN_STRICT_PROTOTYPES = YES;
				CLANG_WARN_SUSPICIOUS_MOVE = YES;
				CLANG_WARN_UNGUARDED_AVAILABILITY = YES_AGGRESSIVE;
				CLANG_WARN_UNREACHABLE_CODE = YES;
				CLANG_WARN__DUPLICATE_METHOD_MATCH = YES;
				COPY_PHASE_STRIP = NO;
				DEBUG_INFORMATION_FORMAT = dwarf;
				ENABLE_STRICT_OBJC_MSGSEND = YES;
				ENABLE_TESTABILITY = YES;
				GCC_C_LANGUAGE_STANDARD = gnu11;
				GCC_DYNAMIC_NO_PIC = NO;
				GCC_NO_COMMON_BLOCKS = YES;
				GCC_OPTIMIZATION_LEVEL = 0;
				GCC_PREPROCESSOR_DEFINITIONS = (
					"DEBUG=1",
					"$(inherited)",
				);
				GCC_WARN_64_TO_32_BIT_CONVERSION = YES;
				GCC_WARN_ABOUT_RETURN_TYPE = YES_ERROR;
				GCC_WARN_UNDECLARED_SELECTOR = YES;
				GCC_WARN_UNINITIALIZED_AUTOS = YES_AGGRESSIVE;
				GCC_WARN_UNUSED_FUNCTION = YES;
				GCC_WARN_UNUSED_VARIABLE = YES;
				IPHONEOS_DEPLOYMENT_TARGET = 16.2;
				MTL_ENABLE_DEBUG_INFO = INCLUDE_SOURCE;
				MTL_FAST_MATH = YES;
				ONLY_ACTIVE_ARCH = YES;
				SDKROOT = iphoneos;
				SWIFT_ACTIVE_COMPILATION_CONDITIONS = DEBUG;
				SWIFT_OPTIMIZATION_LEVEL = "-Onone";
			};
			name = Debug;
		};
		1CD48A782A1AF64500D8DC65 /* Release */ = {
			isa = XCBuildConfiguration;
			buildSettings = {
				ALWAYS_SEARCH_USER_PATHS = NO;
				CLANG_ANALYZER_NONNULL = YES;
				CLANG_ANALYZER_NUMBER_OBJECT_CONVERSION = YES_AGGRESSIVE;
				CLANG_CXX_LANGUAGE_STANDARD = "gnu++20";
				CLANG_ENABLE_MODULES = YES;
				CLANG_ENABLE_OBJC_ARC = YES;
				CLANG_ENABLE_OBJC_WEAK = YES;
				CLANG_WARN_BLOCK_CAPTURE_AUTORELEASING = YES;
				CLANG_WARN_BOOL_CONVERSION = YES;
				CLANG_WARN_COMMA = YES;
				CLANG_WARN_CONSTANT_CONVERSION = YES;
				CLANG_WARN_DEPRECATED_OBJC_IMPLEMENTATIONS = YES;
				CLANG_WARN_DIRECT_OBJC_ISA_USAGE = YES_ERROR;
				CLANG_WARN_DOCUMENTATION_COMMENTS = YES;
				CLANG_WARN_EMPTY_BODY = YES;
				CLANG_WARN_ENUM_CONVERSION = YES;
				CLANG_WARN_INFINITE_RECURSION = YES;
				CLANG_WARN_INT_CONVERSION = YES;
				CLANG_WARN_NON_LITERAL_NULL_CONVERSION = YES;
				CLANG_WARN_OBJC_IMPLICIT_RETAIN_SELF = YES;
				CLANG_WARN_OBJC_LITERAL_CONVERSION = YES;
				CLANG_WARN_OBJC_ROOT_CLASS = YES_ERROR;
				CLANG_WARN_QUOTED_INCLUDE_IN_FRAMEWORK_HEADER = YES;
				CLANG_WARN_RANGE_LOOP_ANALYSIS = YES;
				CLANG_WARN_STRICT_PROTOTYPES = YES;
				CLANG_WARN_SUSPICIOUS_MOVE = YES;
				CLANG_WARN_UNGUARDED_AVAILABILITY = YES_AGGRESSIVE;
				CLANG_WARN_UNREACHABLE_CODE = YES;
				CLANG_WARN__DUPLICATE_METHOD_MATCH = YES;
				COPY_PHASE_STRIP = NO;
				DEBUG_INFORMATION_FORMAT = "dwarf-with-dsym";
				ENABLE_NS_ASSERTIONS = NO;
				ENABLE_STRICT_OBJC_MSGSEND = YES;
				GCC_C_LANGUAGE_STANDARD = gnu11;
				GCC_NO_COMMON_BLOCKS = YES;
				GCC_WARN_64_TO_32_BIT_CONVERSION = YES;
				GCC_WARN_ABOUT_RETURN_TYPE = YES_ERROR;
				GCC_WARN_UNDECLARED_SELECTOR = YES;
				GCC_WARN_UNINITIALIZED_AUTOS = YES_AGGRESSIVE;
				GCC_WARN_UNUSED_FUNCTION = YES;
				GCC_WARN_UNUSED_VARIABLE = YES;
				IPHONEOS_DEPLOYMENT_TARGET = 16.2;
				MTL_ENABLE_DEBUG_INFO = NO;
				MTL_FAST_MATH = YES;
				SDKROOT = iphoneos;
				SWIFT_COMPILATION_MODE = wholemodule;
				SWIFT_OPTIMIZATION_LEVEL = "-O";
				VALIDATE_PRODUCT = YES;
			};
			name = Release;
		};
		1CD48A7A2A1AF64500D8DC65 /* Debug */ = {
			isa = XCBuildConfiguration;
			buildSettings = {
				ASSETCATALOG_COMPILER_APPICON_NAME = AppIcon;
				ASSETCATALOG_COMPILER_GLOBAL_ACCENT_COLOR_NAME = AccentColor;
				CODE_SIGN_STYLE = Automatic;
				CURRENT_PROJECT_VERSION = 1;
				DEVELOPMENT_TEAM = PBQ3LBLK2G;
				GENERATE_INFOPLIST_FILE = YES;
				INFOPLIST_FILE = Test_iOS_VueFlux/Info.plist;
				INFOPLIST_KEY_UIApplicationSupportsIndirectInputEvents = YES;
				INFOPLIST_KEY_UILaunchStoryboardName = LaunchScreen;
				INFOPLIST_KEY_UIMainStoryboardFile = Main;
				INFOPLIST_KEY_UISupportedInterfaceOrientations_iPad = "UIInterfaceOrientationPortrait UIInterfaceOrientationPortraitUpsideDown UIInterfaceOrientationLandscapeLeft UIInterfaceOrientationLandscapeRight";
				INFOPLIST_KEY_UISupportedInterfaceOrientations_iPhone = "UIInterfaceOrientationPortrait UIInterfaceOrientationLandscapeLeft UIInterfaceOrientationLandscapeRight";
				LD_RUNPATH_SEARCH_PATHS = (
					"$(inherited)",
					"@executable_path/Frameworks",
				);
				MARKETING_VERSION = 1.0;
				PRODUCT_BUNDLE_IDENTIFIER = "tanobe-kai-cyberagent.co.jp.Test-iOS-VueFlux";
				PRODUCT_NAME = "$(TARGET_NAME)";
				SWIFT_EMIT_LOC_STRINGS = YES;
				SWIFT_VERSION = 5.0;
				TARGETED_DEVICE_FAMILY = "1,2";
			};
			name = Debug;
		};
		1CD48A7B2A1AF64500D8DC65 /* Release */ = {
			isa = XCBuildConfiguration;
			buildSettings = {
				ASSETCATALOG_COMPILER_APPICON_NAME = AppIcon;
				ASSETCATALOG_COMPILER_GLOBAL_ACCENT_COLOR_NAME = AccentColor;
				CODE_SIGN_STYLE = Automatic;
				CURRENT_PROJECT_VERSION = 1;
				DEVELOPMENT_TEAM = PBQ3LBLK2G;
				GENERATE_INFOPLIST_FILE = YES;
				INFOPLIST_FILE = Test_iOS_VueFlux/Info.plist;
				INFOPLIST_KEY_UIApplicationSupportsIndirectInputEvents = YES;
				INFOPLIST_KEY_UILaunchStoryboardName = LaunchScreen;
				INFOPLIST_KEY_UIMainStoryboardFile = Main;
				INFOPLIST_KEY_UISupportedInterfaceOrientations_iPad = "UIInterfaceOrientationPortrait UIInterfaceOrientationPortraitUpsideDown UIInterfaceOrientationLandscapeLeft UIInterfaceOrientationLandscapeRight";
				INFOPLIST_KEY_UISupportedInterfaceOrientations_iPhone = "UIInterfaceOrientationPortrait UIInterfaceOrientationLandscapeLeft UIInterfaceOrientationLandscapeRight";
				LD_RUNPATH_SEARCH_PATHS = (
					"$(inherited)",
					"@executable_path/Frameworks",
				);
				MARKETING_VERSION = 1.0;
				PRODUCT_BUNDLE_IDENTIFIER = "tanobe-kai-cyberagent.co.jp.Test-iOS-VueFlux";
				PRODUCT_NAME = "$(TARGET_NAME)";
				SWIFT_EMIT_LOC_STRINGS = YES;
				SWIFT_VERSION = 5.0;
				TARGETED_DEVICE_FAMILY = "1,2";
			};
			name = Release;
		};
		1CD48A7D2A1AF64500D8DC65 /* Debug */ = {
			isa = XCBuildConfiguration;
			buildSettings = {
				ALWAYS_EMBED_SWIFT_STANDARD_LIBRARIES = YES;
				BUNDLE_LOADER = "$(TEST_HOST)";
				CODE_SIGN_STYLE = Automatic;
				CURRENT_PROJECT_VERSION = 1;
				DEVELOPMENT_TEAM = PBQ3LBLK2G;
				GENERATE_INFOPLIST_FILE = YES;
				IPHONEOS_DEPLOYMENT_TARGET = 16.2;
				MARKETING_VERSION = 1.0;
				PRODUCT_BUNDLE_IDENTIFIER = "tanobe-kai-cyberagent.co.jp.Test-iOS-VueFluxTests";
				PRODUCT_NAME = "$(TARGET_NAME)";
				SWIFT_EMIT_LOC_STRINGS = NO;
				SWIFT_VERSION = 5.0;
				TARGETED_DEVICE_FAMILY = "1,2";
				TEST_HOST = "$(BUILT_PRODUCTS_DIR)/Test_iOS_VueFlux.app/$(BUNDLE_EXECUTABLE_FOLDER_PATH)/Test_iOS_VueFlux";
			};
			name = Debug;
		};
		1CD48A7E2A1AF64500D8DC65 /* Release */ = {
			isa = XCBuildConfiguration;
			buildSettings = {
				ALWAYS_EMBED_SWIFT_STANDARD_LIBRARIES = YES;
				BUNDLE_LOADER = "$(TEST_HOST)";
				CODE_SIGN_STYLE = Automatic;
				CURRENT_PROJECT_VERSION = 1;
				DEVELOPMENT_TEAM = PBQ3LBLK2G;
				GENERATE_INFOPLIST_FILE = YES;
				IPHONEOS_DEPLOYMENT_TARGET = 16.2;
				MARKETING_VERSION = 1.0;
				PRODUCT_BUNDLE_IDENTIFIER = "tanobe-kai-cyberagent.co.jp.Test-iOS-VueFluxTests";
				PRODUCT_NAME = "$(TARGET_NAME)";
				SWIFT_EMIT_LOC_STRINGS = NO;
				SWIFT_VERSION = 5.0;
				TARGETED_DEVICE_FAMILY = "1,2";
				TEST_HOST = "$(BUILT_PRODUCTS_DIR)/Test_iOS_VueFlux.app/$(BUNDLE_EXECUTABLE_FOLDER_PATH)/Test_iOS_VueFlux";
			};
			name = Release;
		};
		1CD48A802A1AF64500D8DC65 /* Debug */ = {
			isa = XCBuildConfiguration;
			buildSettings = {
				ALWAYS_EMBED_SWIFT_STANDARD_LIBRARIES = YES;
				CODE_SIGN_STYLE = Automatic;
				CURRENT_PROJECT_VERSION = 1;
				DEVELOPMENT_TEAM = PBQ3LBLK2G;
				GENERATE_INFOPLIST_FILE = YES;
				MARKETING_VERSION = 1.0;
				PRODUCT_BUNDLE_IDENTIFIER = "tanobe-kai-cyberagent.co.jp.Test-iOS-VueFluxUITests";
				PRODUCT_NAME = "$(TARGET_NAME)";
				SWIFT_EMIT_LOC_STRINGS = NO;
				SWIFT_VERSION = 5.0;
				TARGETED_DEVICE_FAMILY = "1,2";
				TEST_TARGET_NAME = Test_iOS_VueFlux;
			};
			name = Debug;
		};
		1CD48A812A1AF64500D8DC65 /* Release */ = {
			isa = XCBuildConfiguration;
			buildSettings = {
				ALWAYS_EMBED_SWIFT_STANDARD_LIBRARIES = YES;
				CODE_SIGN_STYLE = Automatic;
				CURRENT_PROJECT_VERSION = 1;
				DEVELOPMENT_TEAM = PBQ3LBLK2G;
				GENERATE_INFOPLIST_FILE = YES;
				MARKETING_VERSION = 1.0;
				PRODUCT_BUNDLE_IDENTIFIER = "tanobe-kai-cyberagent.co.jp.Test-iOS-VueFluxUITests";
				PRODUCT_NAME = "$(TARGET_NAME)";
				SWIFT_EMIT_LOC_STRINGS = NO;
				SWIFT_VERSION = 5.0;
				TARGETED_DEVICE_FAMILY = "1,2";
				TEST_TARGET_NAME = Test_iOS_VueFlux;
			};
			name = Release;
		};
/* End XCBuildConfiguration section */

/* Begin XCConfigurationList section */
		1CD48A4A2A1AF64400D8DC65 /* Build configuration list for PBXProject "Test_iOS_VueFlux" */ = {
			isa = XCConfigurationList;
			buildConfigurations = (
				1CD48A772A1AF64500D8DC65 /* Debug */,
				1CD48A782A1AF64500D8DC65 /* Release */,
			);
			defaultConfigurationIsVisible = 0;
			defaultConfigurationName = Release;
		};
		1CD48A792A1AF64500D8DC65 /* Build configuration list for PBXNativeTarget "Test_iOS_VueFlux" */ = {
			isa = XCConfigurationList;
			buildConfigurations = (
				1CD48A7A2A1AF64500D8DC65 /* Debug */,
				1CD48A7B2A1AF64500D8DC65 /* Release */,
			);
			defaultConfigurationIsVisible = 0;
			defaultConfigurationName = Release;
		};
		1CD48A7C2A1AF64500D8DC65 /* Build configuration list for PBXNativeTarget "Test_iOS_VueFluxTests" */ = {
			isa = XCConfigurationList;
			buildConfigurations = (
				1CD48A7D2A1AF64500D8DC65 /* Debug */,
				1CD48A7E2A1AF64500D8DC65 /* Release */,
			);
			defaultConfigurationIsVisible = 0;
			defaultConfigurationName = Release;
		};
		1CD48A7F2A1AF64500D8DC65 /* Build configuration list for PBXNativeTarget "Test_iOS_VueFluxUITests" */ = {
			isa = XCConfigurationList;
			buildConfigurations = (
				1CD48A802A1AF64500D8DC65 /* Debug */,
				1CD48A812A1AF64500D8DC65 /* Release */,
			);
			defaultConfigurationIsVisible = 0;
			defaultConfigurationName = Release;
		};
/* End XCConfigurationList section */
	};
	rootObject = 1CD48A472A1AF64400D8DC65 /* Project object */;
}
